
Microsoft Visual Studio Solution File, Format Version 12.00
# Visual Studio 14
VisualStudioVersion = 14.0.24720.0
MinimumVisualStudioVersion = 10.0.40219.1
Project("{FAE04EC0-301F-11D3-BF4B-00C04F79EFBC}") = "PJHostedPaymentsClient", "PJHostedPaymentsClient\PJHostedPaymentsClient.csproj", "{2CD80A0C-B10E-4C4B-9683-06A29B965170}"
EndProject
Project("{FAE04EC0-301F-11D3-BF4B-00C04F79EFBC}") = "PJHostedPaymentsClientDemo", "PJHostedPaymentsClientDemo\PJHostedPaymentsClientDemo.csproj", "{82B85FFB-C56A-44A4-8282-618D9CCAF6A7}"
EndProject
Global
	GlobalSection(SolutionConfigurationPlatforms) = preSolution
		Debug|Any CPU = Debug|Any CPU
		Release|Any CPU = Release|Any CPU
	EndGlobalSection
	GlobalSection(ProjectConfigurationPlatforms) = postSolution
		{2CD80A0C-B10E-4C4B-9683-06A29B965170}.Debug|Any CPU.ActiveCfg = Debug|Any CPU
		{2CD80A0C-B10E-4C4B-9683-06A29B965170}.Debug|Any CPU.Build.0 = Debug|Any CPU
		{2CD80A0C-B10E-4C4B-9683-06A29B965170}.Release|Any CPU.ActiveCfg = Release|Any CPU
		{2CD80A0C-B10E-4C4B-9683-06A29B965170}.Release|Any CPU.Build.0 = Release|Any CPU
		{82B85FFB-C56A-44A4-8282-618D9CCAF6A7}.Debug|Any CPU.ActiveCfg = Debug|Any CPU
		{82B85FFB-C56A-44A4-8282-618D9CCAF6A7}.Debug|Any CPU.Build.0 = Debug|Any CPU
		{82B85FFB-C56A-44A4-8282-618D9CCAF6A7}.Release|Any CPU.ActiveCfg = Release|Any CPU
		{82B85FFB-C56A-44A4-8282-618D9CCAF6A7}.Release|Any CPU.Build.0 = Release|Any CPU
	EndGlobalSection
	GlobalSection(SolutionProperties) = preSolution
		HideSolutionNode = FALSE
	EndGlobalSection
EndGlobal
